# This file was autogenerated by Stack.
# You should not edit this file by hand.
# For more information, please see the documentation at:
#   https://docs.haskellstack.org/en/stable/lock_files

packages:
- completed:
    hackage: implicit-0.3.0.1@sha256:6483788b310be6531385d05d9064b7992752dec4c1dee7016df27bde3b1f11cb,10881
    pantry-tree:
      size: 4927
      sha256: 096b83316dac4d5d0d79c6ec02821d9a824048cc657642132f8dba13349d50ab
  original:
    hackage: implicit-0.3.0.1
- completed:
    hackage: storable-endian-0.2.6@sha256:cae7aac2bfe6037660b2cf294891867e69bcd74e739a3b3ea759e9ad99d6c889,801
    pantry-tree:
      size: 223
      sha256: 6a8e43727f9b146238d4064fffc39d629f06622106922487fea922ec73aaee1e
  original:
    hackage: storable-endian-0.2.6
snapshots:
- completed:
    size: 531237
    url: https://raw.githubusercontent.com/commercialhaskell/stackage-snapshots/master/lts/16/0.yaml
    sha256: 210e15b7043e2783115afe16b0d54914b1611cdaa73f3ca3ca7f8e0847ff54e5
  original: lts-16.0
